# THIS IS AN AUTOGENERATED FILE. DO NOT EDIT THIS FILE DIRECTLY.
# yarn lockfile v1


classnames@^2.2.6:
  version "2.2.6"
  resolved "https://registry.yarnpkg.com/classnames/-/classnames-2.2.6.tgz#43935bffdd291f326dad0a205309b38d00f650ce"
  integrity sha512-JR/iSQOSt+LQIWwrwEzJ9uk0xfN3mTVYMwt1Ir5mUcSN6pU+V4zQFFaJsclJbPuAUQH+yfWef6tm7l1quW3C8Q==

smoothscroll-polyfill@^0.4.3:
  version "0.4.3"
  resolved "https://registry.yarnpkg.com/smoothscroll-polyfill/-/smoothscroll-polyfill-0.4.3.tgz#94e5f2d604efcceb53f23ff0380d7ea7280d4bff"
  integrity sha512-aUg0sY8XlWw9reC3VGlVdmC9W4K565alN4t8Cm50kULz53NB4GvsZbrinWPLqYqLolY60NBdqHDyh89MqDUc/Q==
